
Microsoft Visual Studio Solution File, Format Version 12.00
# Visual Studio Version 16
VisualStudioVersion = 16.0.29411.108
MinimumVisualStudioVersion = 10.0.40219.1
Project("{FAE04EC0-301F-11D3-BF4B-00C04F79EFBC}") = "Hastahane.Data", "Hastahane.Data\Hastahane.Data.csproj", "{F383E7FA-7FDD-4D8C-AAAA-434611678ABC}"
EndProject
Project("{FAE04EC0-301F-11D3-BF4B-00C04F79EFBC}") = "Hastahane.FormUI", "Hastahane.FormUI\Hastahane.FormUI.csproj", "{EF32BA71-8C07-4808-95B3-D260366D51BA}"
EndProject
Project("{FAE04EC0-301F-11D3-BF4B-00C04F79EFBC}") = "Hastahane.Core", "Hastahane.Core\Hastahane.Core.csproj", "{A0A6DE74-81A2-4384-AB2C-1659751F5B4B}"
EndProject
Global
	GlobalSection(SolutionConfigurationPlatforms) = preSolution
		Debug|Any CPU = Debug|Any CPU
		Release|Any CPU = Release|Any CPU
	EndGlobalSection
	GlobalSection(ProjectConfigurationPlatforms) = postSolution
		{F383E7FA-7FDD-4D8C-AAAA-434611678ABC}.Debug|Any CPU.ActiveCfg = Debug|Any CPU
		{F383E7FA-7FDD-4D8C-AAAA-434611678ABC}.Debug|Any CPU.Build.0 = Debug|Any CPU
		{F383E7FA-7FDD-4D8C-AAAA-434611678ABC}.Release|Any CPU.ActiveCfg = Release|Any CPU
		{F383E7FA-7FDD-4D8C-AAAA-434611678ABC}.Release|Any CPU.Build.0 = Release|Any CPU
		{EF32BA71-8C07-4808-95B3-D260366D51BA}.Debug|Any CPU.ActiveCfg = Debug|Any CPU
		{EF32BA71-8C07-4808-95B3-D260366D51BA}.Debug|Any CPU.Build.0 = Debug|Any CPU
		{EF32BA71-8C07-4808-95B3-D260366D51BA}.Release|Any CPU.ActiveCfg = Release|Any CPU
		{EF32BA71-8C07-4808-95B3-D260366D51BA}.Release|Any CPU.Build.0 = Release|Any CPU
		{A0A6DE74-81A2-4384-AB2C-1659751F5B4B}.Debug|Any CPU.ActiveCfg = Debug|Any CPU
		{A0A6DE74-81A2-4384-AB2C-1659751F5B4B}.Debug|Any CPU.Build.0 = Debug|Any CPU
		{A0A6DE74-81A2-4384-AB2C-1659751F5B4B}.Release|Any CPU.ActiveCfg = Release|Any CPU
		{A0A6DE74-81A2-4384-AB2C-1659751F5B4B}.Release|Any CPU.Build.0 = Release|Any CPU
	EndGlobalSection
	GlobalSection(SolutionProperties) = preSolution
		HideSolutionNode = FALSE
	EndGlobalSection
	GlobalSection(ExtensibilityGlobals) = postSolution
		SolutionGuid = {1084F004-0F02-4954-86A5-47A52114C3E4}
	EndGlobalSection
EndGlobal
